// !$*UTF8*$!
{
	archiveVersion = 1;
	classes = {
	};
	objectVersion = 56;
	objects = {

/* Begin PBXBuildFile section */
		C0B3078329C434D000C959CB /* AppDelegate.swift in Sources */ = {isa = PBXBuildFile; fileRef = C0B3078229C434D000C959CB /* AppDelegate.swift */; };
		C0B3078529C434D000C959CB /* SceneDelegate.swift in Sources */ = {isa = PBXBuildFile; fileRef = C0B3078429C434D000C959CB /* SceneDelegate.swift */; };
		C0B3078729C434D000C959CB /* ViewController.swift in Sources */ = {isa = PBXBuildFile; fileRef = C0B3078629C434D000C959CB /* ViewController.swift */; };
		C0B3078A29C434D000C959CB /* Main.storyboard in Resources */ = {isa = PBXBuildFile; fileRef = C0B3078829C434D000C959CB /* Main.storyboard */; };
		C0B3078C29C434D300C959CB /* Assets.xcassets in Resources */ = {isa = PBXBuildFile; fileRef = C0B3078B29C434D300C959CB /* Assets.xcassets */; };
		C0B3078F29C434D300C959CB /* LaunchScreen.storyboard in Resources */ = {isa = PBXBuildFile; fileRef = C0B3078D29C434D300C959CB /* LaunchScreen.storyboard */; };
		C0B3079A29C434D400C959CB /* AVPlayerPOCTests.swift in Sources */ = {isa = PBXBuildFile; fileRef = C0B3079929C434D400C959CB /* AVPlayerPOCTests.swift */; };
		C0B307A429C434D400C959CB /* AVPlayerPOCUITests.swift in Sources */ = {isa = PBXBuildFile; fileRef = C0B307A329C434D400C959CB /* AVPlayerPOCUITests.swift */; };
		C0B307A629C434D400C959CB /* AVPlayerPOCUITestsLaunchTests.swift in Sources */ = {isa = PBXBuildFile; fileRef = C0B307A529C434D400C959CB /* AVPlayerPOCUITestsLaunchTests.swift */; };
		C0B307B329C43B0700C959CB /* PlayerView.swift in Sources */ = {isa = PBXBuildFile; fileRef = C0B307B229C43B0700C959CB /* PlayerView.swift */; };
/* End PBXBuildFile section */

/* Begin PBXContainerItemProxy section */
		C0B3079629C434D400C959CB /* PBXContainerItemProxy */ = {
			isa = PBXContainerItemProxy;
			containerPortal = C0B3077729C434D000C959CB /* Project object */;
			proxyType = 1;
			remoteGlobalIDString = C0B3077E29C434D000C959CB;
			remoteInfo = AVPlayerPOC;
		};
		C0B307A029C434D400C959CB /* PBXContainerItemProxy */ = {
			isa = PBXContainerItemProxy;
			containerPortal = C0B3077729C434D000C959CB /* Project object */;
			proxyType = 1;
			remoteGlobalIDString = C0B3077E29C434D000C959CB;
			remoteInfo = AVPlayerPOC;
		};
/* End PBXContainerItemProxy section */

/* Begin PBXFileReference section */
		C0B3077F29C434D000C959CB /* AVPlayerPOC.app */ = {isa = PBXFileReference; explicitFileType = wrapper.application; includeInIndex = 0; path = AVPlayerPOC.app; sourceTree = BUILT_PRODUCTS_DIR; };
		C0B3078229C434D000C959CB /* AppDelegate.swift */ = {isa = PBXFileReference; lastKnownFileType = sourcecode.swift; path = AppDelegate.swift; sourceTree = "<group>"; };
		C0B3078429C434D000C959CB /* SceneDelegate.swift */ = {isa = PBXFileReference; lastKnownFileType = sourcecode.swift; path = SceneDelegate.swift; sourceTree = "<group>"; };
		C0B3078629C434D000C959CB /* ViewController.swift */ = {isa = PBXFileReference; lastKnownFileType = sourcecode.swift; path = ViewController.swift; sourceTree = "<group>"; };
		C0B3078929C434D000C959CB /* Base */ = {isa = PBXFileReference; lastKnownFileType = file.storyboard; name = Base; path = Base.lproj/Main.storyboard; sourceTree = "<group>"; };
		C0B3078B29C434D300C959CB /* Assets.xcassets */ = {isa = PBXFileReference; lastKnownFileType = folder.assetcatalog; path = Assets.xcassets; sourceTree = "<group>"; };
		C0B3078E29C434D300C959CB /* Base */ = {isa = PBXFileReference; lastKnownFileType = file.storyboard; name = Base; path = Base.lproj/LaunchScreen.storyboard; sourceTree = "<group>"; };
		C0B3079029C434D300C959CB /* Info.plist */ = {isa = PBXFileReference; lastKnownFileType = text.plist.xml; path = Info.plist; sourceTree = "<group>"; };
		C0B3079529C434D400C959CB /* AVPlayerPOCTests.xctest */ = {isa = PBXFileReference; explicitFileType = wrapper.cfbundle; includeInIndex = 0; path = AVPlayerPOCTests.xctest; sourceTree = BUILT_PRODUCTS_DIR; };
		C0B3079929C434D400C959CB /* AVPlayerPOCTests.swift */ = {isa = PBXFileReference; lastKnownFileType = sourcecode.swift; path = AVPlayerPOCTests.swift; sourceTree = "<group>"; };
		C0B3079F29C434D400C959CB /* AVPlayerPOCUITests.xctest */ = {isa = PBXFileReference; explicitFileType = wrapper.cfbundle; includeInIndex = 0; path = AVPlayerPOCUITests.xctest; sourceTree = BUILT_PRODUCTS_DIR; };
		C0B307A329C434D400C959CB /* AVPlayerPOCUITests.swift */ = {isa = PBXFileReference; lastKnownFileType = sourcecode.swift; path = AVPlayerPOCUITests.swift; sourceTree = "<group>"; };
		C0B307A529C434D400C959CB /* AVPlayerPOCUITestsLaunchTests.swift */ = {isa = PBXFileReference; lastKnownFileType = sourcecode.swift; path = AVPlayerPOCUITestsLaunchTests.swift; sourceTree = "<group>"; };
		C0B307B229C43B0700C959CB /* PlayerView.swift */ = {isa = PBXFileReference; lastKnownFileType = sourcecode.swift; path = PlayerView.swift; sourceTree = "<group>"; };
/* End PBXFileReference section */

/* Begin PBXFrameworksBuildPhase section */
		C0B3077C29C434D000C959CB /* Frameworks */ = {
			isa = PBXFrameworksBuildPhase;
			buildActionMask = 2147483647;
			files = (
			);
			runOnlyForDeploymentPostprocessing = 0;
		};
		C0B3079229C434D400C959CB /* Frameworks */ = {
			isa = PBXFrameworksBuildPhase;
			buildActionMask = 2147483647;
			files = (
			);
			runOnlyForDeploymentPostprocessing = 0;
		};
		C0B3079C29C434D400C959CB /* Frameworks */ = {
			isa = PBXFrameworksBuildPhase;
			buildActionMask = 2147483647;
			files = (
			);
			runOnlyForDeploymentPostprocessing = 0;
		};
/* End PBXFrameworksBuildPhase section */

/* Begin PBXGroup section */
		C0B3077629C434D000C959CB = {
			isa = PBXGroup;
			children = (
				C0B3078129C434D000C959CB /* AVPlayerPOC */,
				C0B3079829C434D400C959CB /* AVPlayerPOCTests */,
				C0B307A229C434D400C959CB /* AVPlayerPOCUITests */,
				C0B3078029C434D000C959CB /* Products */,
			);
			sourceTree = "<group>";
		};
		C0B3078029C434D000C959CB /* Products */ = {
			isa = PBXGroup;
			children = (
				C0B3077F29C434D000C959CB /* AVPlayerPOC.app */,
				C0B3079529C434D400C959CB /* AVPlayerPOCTests.xctest */,
				C0B3079F29C434D400C959CB /* AVPlayerPOCUITests.xctest */,
			);
			name = Products;
			sourceTree = "<group>";
		};
		C0B3078129C434D000C959CB /* AVPlayerPOC */ = {
			isa = PBXGroup;
			children = (
				C0B3078229C434D000C959CB /* AppDelegate.swift */,
				C0B3078429C434D000C959CB /* SceneDelegate.swift */,
				C0B3078629C434D000C959CB /* ViewController.swift */,
				C0B3078829C434D000C959CB /* Main.storyboard */,
				C0B3078B29C434D300C959CB /* Assets.xcassets */,
				C0B3078D29C434D300C959CB /* LaunchScreen.storyboard */,
				C0B3079029C434D300C959CB /* Info.plist */,
				C0B307B229C43B0700C959CB /* PlayerView.swift */,
			);
			path = AVPlayerPOC;
			sourceTree = "<group>";
		};
		C0B3079829C434D400C959CB /* AVPlayerPOCTests */ = {
			isa = PBXGroup;
			children = (
				C0B3079929C434D400C959CB /* AVPlayerPOCTests.swift */,
			);
			path = AVPlayerPOCTests;
			sourceTree = "<group>";
		};
		C0B307A229C434D400C959CB /* AVPlayerPOCUITests */ = {
			isa = PBXGroup;
			children = (
				C0B307A329C434D400C959CB /* AVPlayerPOCUITests.swift */,
				C0B307A529C434D400C959CB /* AVPlayerPOCUITestsLaunchTests.swift */,
			);
			path = AVPlayerPOCUITests;
			sourceTree = "<group>";
		};
/* End PBXGroup section */

/* Begin PBXNativeTarget section */
		C0B3077E29C434D000C959CB /* AVPlayerPOC */ = {
			isa = PBXNativeTarget;
			buildConfigurationList = C0B307A929C434D400C959CB /* Build configuration list for PBXNativeTarget "AVPlayerPOC" */;
			buildPhases = (
				C0B3077B29C434D000C959CB /* Sources */,
				C0B3077C29C434D000C959CB /* Frameworks */,
				C0B3077D29C434D000C959CB /* Resources */,
			);
			buildRules = (
			);
			dependencies = (
			);
			name = AVPlayerPOC;
			productName = AVPlayerPOC;
			productReference = C0B3077F29C434D000C959CB /* AVPlayerPOC.app */;
			productType = "com.apple.product-type.application";
		};
		C0B3079429C434D400C959CB /* AVPlayerPOCTests */ = {
			isa = PBXNativeTarget;
			buildConfigurationList = C0B307AC29C434D400C959CB /* Build configuration list for PBXNativeTarget "AVPlayerPOCTests" */;
			buildPhases = (
				C0B3079129C434D400C959CB /* Sources */,
				C0B3079229C434D400C959CB /* Frameworks */,
				C0B3079329C434D400C959CB /* Resources */,
			);
			buildRules = (
			);
			dependencies = (
				C0B3079729C434D400C959CB /* PBXTargetDependency */,
			);
			name = AVPlayerPOCTests;
			productName = AVPlayerPOCTests;
			productReference = C0B3079529C434D400C959CB /* AVPlayerPOCTests.xctest */;
			productType = "com.apple.product-type.bundle.unit-test";
		};
		C0B3079E29C434D400C959CB /* AVPlayerPOCUITests */ = {
			isa = PBXNativeTarget;
			buildConfigurationList = C0B307AF29C434D400C959CB /* Build configuration list for PBXNativeTarget "AVPlayerPOCUITests" */;
			buildPhases = (
				C0B3079B29C434D400C959CB /* Sources */,
				C0B3079C29C434D400C959CB /* Frameworks */,
				C0B3079D29C434D400C959CB /* Resources */,
			);
			buildRules = (
			);
			dependencies = (
				C0B307A129C434D400C959CB /* PBXTargetDependency */,
			);
			name = AVPlayerPOCUITests;
			productName = AVPlayerPOCUITests;
			productReference = C0B3079F29C434D400C959CB /* AVPlayerPOCUITests.xctest */;
			productType = "com.apple.product-type.bundle.ui-testing";
		};
/* End PBXNativeTarget section */

/* Begin PBXProject section */
		C0B3077729C434D000C959CB /* Project object */ = {
			isa = PBXProject;
			attributes = {
				BuildIndependentTargetsInParallel = 1;
				LastSwiftUpdateCheck = 1420;
				LastUpgradeCheck = 1420;
				TargetAttributes = {
					C0B3077E29C434D000C959CB = {
						CreatedOnToolsVersion = 14.2;
					};
					C0B3079429C434D400C959CB = {
						CreatedOnToolsVersion = 14.2;
						TestTargetID = C0B3077E29C434D000C959CB;
					};
					C0B3079E29C434D400C959CB = {
						CreatedOnToolsVersion = 14.2;
						TestTargetID = C0B3077E29C434D000C959CB;
					};
				};
			};
			buildConfigurationList = C0B3077A29C434D000C959CB /* Build configuration list for PBXProject "AVPlayerPOC" */;
			compatibilityVersion = "Xcode 14.0";
			developmentRegion = en;
			hasScannedForEncodings = 0;
			knownRegions = (
				en,
				Base,
			);
			mainGroup = C0B3077629C434D000C959CB;
			productRefGroup = C0B3078029C434D000C959CB /* Products */;
			projectDirPath = "";
			projectRoot = "";
			targets = (
				C0B3077E29C434D000C959CB /* AVPlayerPOC */,
				C0B3079429C434D400C959CB /* AVPlayerPOCTests */,
				C0B3079E29C434D400C959CB /* AVPlayerPOCUITests */,
			);
		};
/* End PBXProject section */

/* Begin PBXResourcesBuildPhase section */
		C0B3077D29C434D000C959CB /* Resources */ = {
			isa = PBXResourcesBuildPhase;
			buildActionMask = 2147483647;
			files = (
				C0B3078F29C434D300C959CB /* LaunchScreen.storyboard in Resources */,
				C0B3078C29C434D300C959CB /* Assets.xcassets in Resources */,
				C0B3078A29C434D000C959CB /* Main.storyboard in Resources */,
			);
			runOnlyForDeploymentPostprocessing = 0;
		};
		C0B3079329C434D400C959CB /* Resources */ = {
			isa = PBXResourcesBuildPhase;
			buildActionMask = 2147483647;
			files = (
			);
			runOnlyForDeploymentPostprocessing = 0;
		};
		C0B3079D29C434D400C959CB /* Resources */ = {
			isa = PBXResourcesBuildPhase;
			buildActionMask = 2147483647;
			files = (
			);
			runOnlyForDeploymentPostprocessing = 0;
		};
/* End PBXResourcesBuildPhase section */

/* Begin PBXSourcesBuildPhase section */
		C0B3077B29C434D000C959CB /* Sources */ = {
			isa = PBXSourcesBuildPhase;
			buildActionMask = 2147483647;
			files = (
				C0B3078729C434D000C959CB /* ViewController.swift in Sources */,
				C0B3078329C434D000C959CB /* AppDelegate.swift in Sources */,
				C0B3078529C434D000C959CB /* SceneDelegate.swift in Sources */,
				C0B307B329C43B0700C959CB /* PlayerView.swift in Sources */,
			);
			runOnlyForDeploymentPostprocessing = 0;
		};
		C0B3079129C434D400C959CB /* Sources */ = {
			isa = PBXSourcesBuildPhase;
			buildActionMask = 2147483647;
			files = (
				C0B3079A29C434D400C959CB /* AVPlayerPOCTests.swift in Sources */,
			);
			runOnlyForDeploymentPostprocessing = 0;
		};
		C0B3079B29C434D400C959CB /* Sources */ = {
			isa = PBXSourcesBuildPhase;
			buildActionMask = 2147483647;
			files = (
				C0B307A429C434D400C959CB /* AVPlayerPOCUITests.swift in Sources */,
				C0B307A629C434D400C959CB /* AVPlayerPOCUITestsLaunchTests.swift in Sources */,
			);
			runOnlyForDeploymentPostprocessing = 0;
		};
/* End PBXSourcesBuildPhase section */

/* Begin PBXTargetDependency section */
		C0B3079729C434D400C959CB /* PBXTargetDependency */ = {
			isa = PBXTargetDependency;
			target = C0B3077E29C434D000C959CB /* AVPlayerPOC */;
			targetProxy = C0B3079629C434D400C959CB /* PBXContainerItemProxy */;
		};
		C0B307A129C434D400C959CB /* PBXTargetDependency */ = {
			isa = PBXTargetDependency;
			target = C0B3077E29C434D000C959CB /* AVPlayerPOC */;
			targetProxy = C0B307A029C434D400C959CB /* PBXContainerItemProxy */;
		};
/* End PBXTargetDependency section */

/* Begin PBXVariantGroup section */
		C0B3078829C434D000C959CB /* Main.storyboard */ = {
			isa = PBXVariantGroup;
			children = (
				C0B3078929C434D000C959CB /* Base */,
			);
			name = Main.storyboard;
			sourceTree = "<group>";
		};
		C0B3078D29C434D300C959CB /* LaunchScreen.storyboard */ = {
			isa = PBXVariantGroup;
			children = (
				C0B3078E29C434D300C959CB /* Base */,
			);
			name = LaunchScreen.storyboard;
			sourceTree = "<group>";
		};
/* End PBXVariantGroup section */

/* Begin XCBuildConfiguration section */
		C0B307A729C434D400C959CB /* Debug */ = {
			isa = XCBuildConfiguration;
			buildSettings = {
				ALWAYS_SEARCH_USER_PATHS = NO;
				CLANG_ANALYZER_NONNULL = YES;
				CLANG_ANALYZER_NUMBER_OBJECT_CONVERSION = YES_AGGRESSIVE;
				CLANG_CXX_LANGUAGE_STANDARD = "gnu++20";
				CLANG_ENABLE_MODULES = YES;
				CLANG_ENABLE_OBJC_ARC = YES;
				CLANG_ENABLE_OBJC_WEAK = YES;
				CLANG_WARN_BLOCK_CAPTURE_AUTORELEASING = YES;
				CLANG_WARN_BOOL_CONVERSION = YES;
				CLANG_WARN_COMMA = YES;
				CLANG_WARN_CONSTANT_CONVERSION = YES;
				CLANG_WARN_DEPRECATED_OBJC_IMPLEMENTATIONS = YES;
				CLANG_WARN_DIRECT_OBJC_ISA_USAGE = YES_ERROR;
				CLANG_WARN_DOCUMENTATION_COMMENTS = YES;
				CLANG_WARN_EMPTY_BODY = YES;
				CLANG_WARN_ENUM_CONVERSION = YES;
				CLANG_WARN_INFINITE_RECURSION = YES;
				CLANG_WARN_INT_CONVERSION = YES;
				CLANG_WARN_NON_LITERAL_NULL_CONVERSION = YES;
				CLANG_WARN_OBJC_IMPLICIT_RETAIN_SELF = YES;
				CLANG_WARN_OBJC_LITERAL_CONVERSION = YES;
				CLANG_WARN_OBJC_ROOT_CLASS = YES_ERROR;
				CLANG_WARN_QUOTED_INCLUDE_IN_FRAMEWORK_HEADER = YES;
				CLANG_WARN_RANGE_LOOP_ANALYSIS = YES;
				CLANG_WARN_STRICT_PROTOTYPES = YES;
				CLANG_WARN_SUSPICIOUS_MOVE = YES;
				CLANG_WARN_UNGUARDED_AVAILABILITY = YES_AGGRESSIVE;
				CLANG_WARN_UNREACHABLE_CODE = YES;
				CLANG_WARN__DUPLICATE_METHOD_MATCH = YES;
				COPY_PHASE_STRIP = NO;
				DEBUG_INFORMATION_FORMAT = dwarf;
				ENABLE_STRICT_OBJC_MSGSEND = YES;
				ENABLE_TESTABILITY = YES;
				GCC_C_LANGUAGE_STANDARD = gnu11;
				GCC_DYNAMIC_NO_PIC = NO;
				GCC_NO_COMMON_BLOCKS = YES;
				GCC_OPTIMIZATION_LEVEL = 0;
				GCC_PREPROCESSOR_DEFINITIONS = (
					"DEBUG=1",
					"$(inherited)",
				);
				GCC_WARN_64_TO_32_BIT_CONVERSION = YES;
				GCC_WARN_ABOUT_RETURN_TYPE = YES_ERROR;
				GCC_WARN_UNDECLARED_SELECTOR = YES;
				GCC_WARN_UNINITIALIZED_AUTOS = YES_AGGRESSIVE;
				GCC_WARN_UNUSED_FUNCTION = YES;
				GCC_WARN_UNUSED_VARIABLE = YES;
				IPHONEOS_DEPLOYMENT_TARGET = 16.2;
				MTL_ENABLE_DEBUG_INFO = INCLUDE_SOURCE;
				MTL_FAST_MATH = YES;
				ONLY_ACTIVE_ARCH = YES;
				SDKROOT = iphoneos;
				SWIFT_ACTIVE_COMPILATION_CONDITIONS = DEBUG;
				SWIFT_OPTIMIZATION_LEVEL = "-Onone";
			};
			name = Debug;
		};
		C0B307A829C434D400C959CB /* Release */ = {
			isa = XCBuildConfiguration;
			buildSettings = {
				ALWAYS_SEARCH_USER_PATHS = NO;
				CLANG_ANALYZER_NONNULL = YES;
				CLANG_ANALYZER_NUMBER_OBJECT_CONVERSION = YES_AGGRESSIVE;
				CLANG_CXX_LANGUAGE_STANDARD = "gnu++20";
				CLANG_ENABLE_MODULES = YES;
				CLANG_ENABLE_OBJC_ARC = YES;
				CLANG_ENABLE_OBJC_WEAK = YES;
				CLANG_WARN_BLOCK_CAPTURE_AUTORELEASING = YES;
				CLANG_WARN_BOOL_CONVERSION = YES;
				CLANG_WARN_COMMA = YES;
				CLANG_WARN_CONSTANT_CONVERSION = YES;
				CLANG_WARN_DEPRECATED_OBJC_IMPLEMENTATIONS = YES;
				CLANG_WARN_DIRECT_OBJC_ISA_USAGE = YES_ERROR;
				CLANG_WARN_DOCUMENTATION_COMMENTS = YES;
				CLANG_WARN_EMPTY_BODY = YES;
				CLANG_WARN_ENUM_CONVERSION = YES;
				CLANG_WARN_INFINITE_RECURSION = YES;
				CLANG_WARN_INT_CONVERSION = YES;
				CLANG_WARN_NON_LITERAL_NULL_CONVERSION = YES;
				CLANG_WARN_OBJC_IMPLICIT_RETAIN_SELF = YES;
				CLANG_WARN_OBJC_LITERAL_CONVERSION = YES;
				CLANG_WARN_OBJC_ROOT_CLASS = YES_ERROR;
				CLANG_WARN_QUOTED_INCLUDE_IN_FRAMEWORK_HEADER = YES;
				CLANG_WARN_RANGE_LOOP_ANALYSIS = YES;
				CLANG_WARN_STRICT_PROTOTYPES = YES;
				CLANG_WARN_SUSPICIOUS_MOVE = YES;
				CLANG_WARN_UNGUARDED_AVAILABILITY = YES_AGGRESSIVE;
				CLANG_WARN_UNREACHABLE_CODE = YES;
				CLANG_WARN__DUPLICATE_METHOD_MATCH = YES;
				COPY_PHASE_STRIP = NO;
				DEBUG_INFORMATION_FORMAT = "dwarf-with-dsym";
				ENABLE_NS_ASSERTIONS = NO;
				ENABLE_STRICT_OBJC_MSGSEND = YES;
				GCC_C_LANGUAGE_STANDARD = gnu11;
				GCC_NO_COMMON_BLOCKS = YES;
				GCC_WARN_64_TO_32_BIT_CONVERSION = YES;
				GCC_WARN_ABOUT_RETURN_TYPE = YES_ERROR;
				GCC_WARN_UNDECLARED_SELECTOR = YES;
				GCC_WARN_UNINITIALIZED_AUTOS = YES_AGGRESSIVE;
				GCC_WARN_UNUSED_FUNCTION = YES;
				GCC_WARN_UNUSED_VARIABLE = YES;
				IPHONEOS_DEPLOYMENT_TARGET = 16.2;
				MTL_ENABLE_DEBUG_INFO = NO;
				MTL_FAST_MATH = YES;
				SDKROOT = iphoneos;
				SWIFT_COMPILATION_MODE = wholemodule;
				SWIFT_OPTIMIZATION_LEVEL = "-O";
				VALIDATE_PRODUCT = YES;
			};
			name = Release;
		};
		C0B307AA29C434D400C959CB /* Debug */ = {
			isa = XCBuildConfiguration;
			buildSettings = {
				ASSETCATALOG_COMPILER_APPICON_NAME = AppIcon;
				ASSETCATALOG_COMPILER_GLOBAL_ACCENT_COLOR_NAME = AccentColor;
				CODE_SIGN_STYLE = Automatic;
				CURRENT_PROJECT_VERSION = 1;
				DEVELOPMENT_TEAM = DXFBT9CBBR;
				GENERATE_INFOPLIST_FILE = YES;
				INFOPLIST_FILE = AVPlayerPOC/Info.plist;
				INFOPLIST_KEY_UIApplicationSupportsIndirectInputEvents = YES;
				INFOPLIST_KEY_UILaunchStoryboardName = LaunchScreen;
				INFOPLIST_KEY_UIMainStoryboardFile = Main;
				INFOPLIST_KEY_UISupportedInterfaceOrientations_iPad = "UIInterfaceOrientationPortrait UIInterfaceOrientationPortraitUpsideDown UIInterfaceOrientationLandscapeLeft UIInterfaceOrientationLandscapeRight";
				INFOPLIST_KEY_UISupportedInterfaceOrientations_iPhone = "UIInterfaceOrientationPortrait UIInterfaceOrientationLandscapeLeft UIInterfaceOrientationLandscapeRight";
				IPHONEOS_DEPLOYMENT_TARGET = 15.0;
				LD_RUNPATH_SEARCH_PATHS = (
					"$(inherited)",
					"@executable_path/Frameworks",
				);
				MARKETING_VERSION = 1.0;
				PRODUCT_BUNDLE_IDENTIFIER = com.practo.AVPlayerPOC;
				PRODUCT_NAME = "$(TARGET_NAME)";
				SWIFT_EMIT_LOC_STRINGS = YES;
				SWIFT_VERSION = 5.0;
				TARGETED_DEVICE_FAMILY = "1,2";
			};
			name = Debug;
		};
		C0B307AB29C434D400C959CB /* Release */ = {
			isa = XCBuildConfiguration;
			buildSettings = {
				ASSETCATALOG_COMPILER_APPICON_NAME = AppIcon;
				ASSETCATALOG_COMPILER_GLOBAL_ACCENT_COLOR_NAME = AccentColor;
				CODE_SIGN_STYLE = Automatic;
				CURRENT_PROJECT_VERSION = 1;
				DEVELOPMENT_TEAM = DXFBT9CBBR;
				GENERATE_INFOPLIST_FILE = YES;
				INFOPLIST_FILE = AVPlayerPOC/Info.plist;
				INFOPLIST_KEY_UIApplicationSupportsIndirectInputEvents = YES;
				INFOPLIST_KEY_UILaunchStoryboardName = LaunchScreen;
				INFOPLIST_KEY_UIMainStoryboardFile = Main;
				INFOPLIST_KEY_UISupportedInterfaceOrientations_iPad = "UIInterfaceOrientationPortrait UIInterfaceOrientationPortraitUpsideDown UIInterfaceOrientationLandscapeLeft UIInterfaceOrientationLandscapeRight";
				INFOPLIST_KEY_UISupportedInterfaceOrientations_iPhone = "UIInterfaceOrientationPortrait UIInterfaceOrientationLandscapeLeft UIInterfaceOrientationLandscapeRight";
				IPHONEOS_DEPLOYMENT_TARGET = 15.0;
				LD_RUNPATH_SEARCH_PATHS = (
					"$(inherited)",
					"@executable_path/Frameworks",
				);
				MARKETING_VERSION = 1.0;
				PRODUCT_BUNDLE_IDENTIFIER = com.practo.AVPlayerPOC;
				PRODUCT_NAME = "$(TARGET_NAME)";
				SWIFT_EMIT_LOC_STRINGS = YES;
				SWIFT_VERSION = 5.0;
				TARGETED_DEVICE_FAMILY = "1,2";
			};
			name = Release;
		};
		C0B307AD29C434D400C959CB /* Debug */ = {
			isa = XCBuildConfiguration;
			buildSettings = {
				ALWAYS_EMBED_SWIFT_STANDARD_LIBRARIES = YES;
				BUNDLE_LOADER = "$(TEST_HOST)";
				CODE_SIGN_STYLE = Automatic;
				CURRENT_PROJECT_VERSION = 1;
				DEVELOPMENT_TEAM = DXFBT9CBBR;
				GENERATE_INFOPLIST_FILE = YES;
				IPHONEOS_DEPLOYMENT_TARGET = 16.2;
				MARKETING_VERSION = 1.0;
				PRODUCT_BUNDLE_IDENTIFIER = com.practo.AVPlayerPOCTests;
				PRODUCT_NAME = "$(TARGET_NAME)";
				SWIFT_EMIT_LOC_STRINGS = NO;
				SWIFT_VERSION = 5.0;
				TARGETED_DEVICE_FAMILY = "1,2";
				TEST_HOST = "$(BUILT_PRODUCTS_DIR)/AVPlayerPOC.app/$(BUNDLE_EXECUTABLE_FOLDER_PATH)/AVPlayerPOC";
			};
			name = Debug;
		};
		C0B307AE29C434D400C959CB /* Release */ = {
			isa = XCBuildConfiguration;
			buildSettings = {
				ALWAYS_EMBED_SWIFT_STANDARD_LIBRARIES = YES;
				BUNDLE_LOADER = "$(TEST_HOST)";
				CODE_SIGN_STYLE = Automatic;
				CURRENT_PROJECT_VERSION = 1;
				DEVELOPMENT_TEAM = DXFBT9CBBR;
				GENERATE_INFOPLIST_FILE = YES;
				IPHONEOS_DEPLOYMENT_TARGET = 16.2;
				MARKETING_VERSION = 1.0;
				PRODUCT_BUNDLE_IDENTIFIER = com.practo.AVPlayerPOCTests;
				PRODUCT_NAME = "$(TARGET_NAME)";
				SWIFT_EMIT_LOC_STRINGS = NO;
				SWIFT_VERSION = 5.0;
				TARGETED_DEVICE_FAMILY = "1,2";
				TEST_HOST = "$(BUILT_PRODUCTS_DIR)/AVPlayerPOC.app/$(BUNDLE_EXECUTABLE_FOLDER_PATH)/AVPlayerPOC";
			};
			name = Release;
		};
		C0B307B029C434D400C959CB /* Debug */ = {
			isa = XCBuildConfiguration;
			buildSettings = {
				ALWAYS_EMBED_SWIFT_STANDARD_LIBRARIES = YES;
				CODE_SIGN_STYLE = Automatic;
				CURRENT_PROJECT_VERSION = 1;
				DEVELOPMENT_TEAM = DXFBT9CBBR;
				GENERATE_INFOPLIST_FILE = YES;
				MARKETING_VERSION = 1.0;
				PRODUCT_BUNDLE_IDENTIFIER = com.practo.AVPlayerPOCUITests;
				PRODUCT_NAME = "$(TARGET_NAME)";
				SWIFT_EMIT_LOC_STRINGS = NO;
				SWIFT_VERSION = 5.0;
				TARGETED_DEVICE_FAMILY = "1,2";
				TEST_TARGET_NAME = AVPlayerPOC;
			};
			name = Debug;
		};
		C0B307B129C434D400C959CB /* Release */ = {
			isa = XCBuildConfiguration;
			buildSettings = {
				ALWAYS_EMBED_SWIFT_STANDARD_LIBRARIES = YES;
				CODE_SIGN_STYLE = Automatic;
				CURRENT_PROJECT_VERSION = 1;
				DEVELOPMENT_TEAM = DXFBT9CBBR;
				GENERATE_INFOPLIST_FILE = YES;
				MARKETING_VERSION = 1.0;
				PRODUCT_BUNDLE_IDENTIFIER = com.practo.AVPlayerPOCUITests;
				PRODUCT_NAME = "$(TARGET_NAME)";
				SWIFT_EMIT_LOC_STRINGS = NO;
				SWIFT_VERSION = 5.0;
				TARGETED_DEVICE_FAMILY = "1,2";
				TEST_TARGET_NAME = AVPlayerPOC;
			};
			name = Release;
		};
/* End XCBuildConfiguration section */

/* Begin XCConfigurationList section */
		C0B3077A29C434D000C959CB /* Build configuration list for PBXProject "AVPlayerPOC" */ = {
			isa = XCConfigurationList;
			buildConfigurations = (
				C0B307A729C434D400C959CB /* Debug */,
				C0B307A829C434D400C959CB /* Release */,
			);
			defaultConfigurationIsVisible = 0;
			defaultConfigurationName = Release;
		};
		C0B307A929C434D400C959CB /* Build configuration list for PBXNativeTarget "AVPlayerPOC" */ = {
			isa = XCConfigurationList;
			buildConfigurations = (
				C0B307AA29C434D400C959CB /* Debug */,
				C0B307AB29C434D400C959CB /* Release */,
			);
			defaultConfigurationIsVisible = 0;
			defaultConfigurationName = Release;
		};
		C0B307AC29C434D400C959CB /* Build configuration list for PBXNativeTarget "AVPlayerPOCTests" */ = {
			isa = XCConfigurationList;
			buildConfigurations = (
				C0B307AD29C434D400C959CB /* Debug */,
				C0B307AE29C434D400C959CB /* Release */,
			);
			defaultConfigurationIsVisible = 0;
			defaultConfigurationName = Release;
		};
		C0B307AF29C434D400C959CB /* Build configuration list for PBXNativeTarget "AVPlayerPOCUITests" */ = {
			isa = XCConfigurationList;
			buildConfigurations = (
				C0B307B029C434D400C959CB /* Debug */,
				C0B307B129C434D400C959CB /* Release */,
			);
			defaultConfigurationIsVisible = 0;
			defaultConfigurationName = Release;
		};
/* End XCConfigurationList section */
	};
	rootObject = C0B3077729C434D000C959CB /* Project object */;
}
